
Microsoft Visual Studio Solution File, Format Version 12.00
Project("{FAE04EC0-301F-11D3-BF4B-00C04F79EFBC}") = "SubscriberService", "SubscriberService\SubscriberService.csproj", "{7F86B84A-D31B-4762-82D5-BCD70501246F}"
EndProject
Project("{FAE04EC0-301F-11D3-BF4B-00C04F79EFBC}") = "SharedModels", "..\..\..\..\SharedModels\SharedModels.csproj", "{C72A6924-840C-4F9A-B907-D90EA74AA6E1}"
EndProject
Global
	GlobalSection(SolutionConfigurationPlatforms) = preSolution
		Debug|Any CPU = Debug|Any CPU
		Release|Any CPU = Release|Any CPU
	EndGlobalSection
	GlobalSection(ProjectConfigurationPlatforms) = postSolution
		{7F86B84A-D31B-4762-82D5-BCD70501246F}.Debug|Any CPU.ActiveCfg = Debug|Any CPU
		{7F86B84A-D31B-4762-82D5-BCD70501246F}.Debug|Any CPU.Build.0 = Debug|Any CPU
		{7F86B84A-D31B-4762-82D5-BCD70501246F}.Release|Any CPU.ActiveCfg = Release|Any CPU
		{7F86B84A-D31B-4762-82D5-BCD70501246F}.Release|Any CPU.Build.0 = Release|Any CPU
		{C72A6924-840C-4F9A-B907-D90EA74AA6E1}.Debug|Any CPU.ActiveCfg = Debug|Any CPU
		{C72A6924-840C-4F9A-B907-D90EA74AA6E1}.Debug|Any CPU.Build.0 = Debug|Any CPU
		{C72A6924-840C-4F9A-B907-D90EA74AA6E1}.Release|Any CPU.ActiveCfg = Release|Any CPU
		{C72A6924-840C-4F9A-B907-D90EA74AA6E1}.Release|Any CPU.Build.0 = Release|Any CPU
	EndGlobalSection
EndGlobal
